// !$*UTF8*$!
{
	archiveVersion = 1;
	classes = {
	};
	objectVersion = 46;
	objects = {

/* Begin PBXBuildFile section */
		9C2394491E0E6FF00060919B /* GuitarViewController.swift in Sources */ = {isa = PBXBuildFile; fileRef = 9C2394481E0E6FF00060919B /* GuitarViewController.swift */; };
		9C23944B1E0E86AB0060919B /* PianoViewController.swift in Sources */ = {isa = PBXBuildFile; fileRef = 9C23944A1E0E86AB0060919B /* PianoViewController.swift */; };
		9C654F091E0DD3C90083E83E /* AppDelegate.swift in Sources */ = {isa = PBXBuildFile; fileRef = 9C654F081E0DD3C90083E83E /* AppDelegate.swift */; };
		9C654F0B1E0DD3C90083E83E /* ViewController.swift in Sources */ = {isa = PBXBuildFile; fileRef = 9C654F0A1E0DD3C90083E83E /* ViewController.swift */; };
		9C654F0E1E0DD3C90083E83E /* Main.storyboard in Resources */ = {isa = PBXBuildFile; fileRef = 9C654F0C1E0DD3C90083E83E /* Main.storyboard */; };
		9C654F101E0DD3C90083E83E /* Assets.xcassets in Resources */ = {isa = PBXBuildFile; fileRef = 9C654F0F1E0DD3C90083E83E /* Assets.xcassets */; };
		9C654F131E0DD3C90083E83E /* LaunchScreen.storyboard in Resources */ = {isa = PBXBuildFile; fileRef = 9C654F111E0DD3C90083E83E /* LaunchScreen.storyboard */; };
/* End PBXBuildFile section */

/* Begin PBXFileReference section */
		9C2394481E0E6FF00060919B /* GuitarViewController.swift */ = {isa = PBXFileReference; fileEncoding = 4; lastKnownFileType = sourcecode.swift; path = GuitarViewController.swift; sourceTree = "<group>"; };
		9C23944A1E0E86AB0060919B /* PianoViewController.swift */ = {isa = PBXFileReference; fileEncoding = 4; lastKnownFileType = sourcecode.swift; path = PianoViewController.swift; sourceTree = "<group>"; };
		9C654F051E0DD3C90083E83E /* Chords.app */ = {isa = PBXFileReference; explicitFileType = wrapper.application; includeInIndex = 0; path = Chords.app; sourceTree = BUILT_PRODUCTS_DIR; };
		9C654F081E0DD3C90083E83E /* AppDelegate.swift */ = {isa = PBXFileReference; lastKnownFileType = sourcecode.swift; path = AppDelegate.swift; sourceTree = "<group>"; };
		9C654F0A1E0DD3C90083E83E /* ViewController.swift */ = {isa = PBXFileReference; lastKnownFileType = sourcecode.swift; path = ViewController.swift; sourceTree = "<group>"; };
		9C654F0D1E0DD3C90083E83E /* Base */ = {isa = PBXFileReference; lastKnownFileType = file.storyboard; name = Base; path = Base.lproj/Main.storyboard; sourceTree = "<group>"; };
		9C654F0F1E0DD3C90083E83E /* Assets.xcassets */ = {isa = PBXFileReference; lastKnownFileType = folder.assetcatalog; path = Assets.xcassets; sourceTree = "<group>"; };
		9C654F121E0DD3C90083E83E /* Base */ = {isa = PBXFileReference; lastKnownFileType = file.storyboard; name = Base; path = Base.lproj/LaunchScreen.storyboard; sourceTree = "<group>"; };
		9C654F141E0DD3C90083E83E /* Info.plist */ = {isa = PBXFileReference; lastKnownFileType = text.plist.xml; path = Info.plist; sourceTree = "<group>"; };
/* End PBXFileReference section */

/* Begin PBXFrameworksBuildPhase section */
		9C654F021E0DD3C90083E83E /* Frameworks */ = {
			isa = PBXFrameworksBuildPhase;
			buildActionMask = 2147483647;
			files = (
			);
			runOnlyForDeploymentPostprocessing = 0;
		};
/* End PBXFrameworksBuildPhase section */

/* Begin PBXGroup section */
		9C654EFC1E0DD3C90083E83E = {
			isa = PBXGroup;
			children = (
				9C654F071E0DD3C90083E83E /* Chords */,
				9C654F061E0DD3C90083E83E /* Products */,
			);
			sourceTree = "<group>";
		};
		9C654F061E0DD3C90083E83E /* Products */ = {
			isa = PBXGroup;
			children = (
				9C654F051E0DD3C90083E83E /* Chords.app */,
			);
			name = Products;
			sourceTree = "<group>";
		};
		9C654F071E0DD3C90083E83E /* Chords */ = {
			isa = PBXGroup;
			children = (
				9C654F081E0DD3C90083E83E /* AppDelegate.swift */,
				9C654F0A1E0DD3C90083E83E /* ViewController.swift */,
				9C654F0C1E0DD3C90083E83E /* Main.storyboard */,
				9C654F0F1E0DD3C90083E83E /* Assets.xcassets */,
				9C654F111E0DD3C90083E83E /* LaunchScreen.storyboard */,
				9C654F141E0DD3C90083E83E /* Info.plist */,
				9C2394481E0E6FF00060919B /* GuitarViewController.swift */,
				9C23944A1E0E86AB0060919B /* PianoViewController.swift */,
			);
			path = Chords;
			sourceTree = "<group>";
		};
/* End PBXGroup section */

/* Begin PBXNativeTarget section */
		9C654F041E0DD3C90083E83E /* Chords */ = {
			isa = PBXNativeTarget;
			buildConfigurationList = 9C654F171E0DD3C90083E83E /* Build configuration list for PBXNativeTarget "Chords" */;
			buildPhases = (
				9C654F011E0DD3C90083E83E /* Sources */,
				9C654F021E0DD3C90083E83E /* Frameworks */,
				9C654F031E0DD3C90083E83E /* Resources */,
			);
			buildRules = (
			);
			dependencies = (
			);
			name = Chords;
			productName = Chords;
			productReference = 9C654F051E0DD3C90083E83E /* Chords.app */;
			productType = "com.apple.product-type.application";
		};
/* End PBXNativeTarget section */

/* Begin PBXProject section */
		9C654EFD1E0DD3C90083E83E /* Project object */ = {
			isa = PBXProject;
			attributes = {
				LastSwiftUpdateCheck = 0820;
				LastUpgradeCheck = 0820;
				ORGANIZATIONNAME = "Eugenio Barquín";
				TargetAttributes = {
					9C654F041E0DD3C90083E83E = {
						CreatedOnToolsVersion = 8.2;
						DevelopmentTeam = 3XPZ2XV3WU;
						ProvisioningStyle = Automatic;
					};
				};
			};
			buildConfigurationList = 9C654F001E0DD3C90083E83E /* Build configuration list for PBXProject "Chords" */;
			compatibilityVersion = "Xcode 3.2";
			developmentRegion = English;
			hasScannedForEncodings = 0;
			knownRegions = (
				en,
				Base,
			);
			mainGroup = 9C654EFC1E0DD3C90083E83E;
			productRefGroup = 9C654F061E0DD3C90083E83E /* Products */;
			projectDirPath = "";
			projectRoot = "";
			targets = (
				9C654F041E0DD3C90083E83E /* Chords */,
			);
		};
/* End PBXProject section */

/* Begin PBXResourcesBuildPhase section */
		9C654F031E0DD3C90083E83E /* Resources */ = {
			isa = PBXResourcesBuildPhase;
			buildActionMask = 2147483647;
			files = (
				9C654F131E0DD3C90083E83E /* LaunchScreen.storyboard in Resources */,
				9C654F101E0DD3C90083E83E /* Assets.xcassets in Resources */,
				9C654F0E1E0DD3C90083E83E /* Main.storyboard in Resources */,
			);
			runOnlyForDeploymentPostprocessing = 0;
		};
/* End PBXResourcesBuildPhase section */

/* Begin PBXSourcesBuildPhase section */
		9C654F011E0DD3C90083E83E /* Sources */ = {
			isa = PBXSourcesBuildPhase;
			buildActionMask = 2147483647;
			files = (
				9C654F0B1E0DD3C90083E83E /* ViewController.swift in Sources */,
				9C2394491E0E6FF00060919B /* GuitarViewController.swift in Sources */,
				9C23944B1E0E86AB0060919B /* PianoViewController.swift in Sources */,
				9C654F091E0DD3C90083E83E /* AppDelegate.swift in Sources */,
			);
			runOnlyForDeploymentPostprocessing = 0;
		};
/* End PBXSourcesBuildPhase section */

/* Begin PBXVariantGroup section */
		9C654F0C1E0DD3C90083E83E /* Main.storyboard */ = {
			isa = PBXVariantGroup;
			children = (
				9C654F0D1E0DD3C90083E83E /* Base */,
			);
			name = Main.storyboard;
			sourceTree = "<group>";
		};
		9C654F111E0DD3C90083E83E /* LaunchScreen.storyboard */ = {
			isa = PBXVariantGroup;
			children = (
				9C654F121E0DD3C90083E83E /* Base */,
			);
			name = LaunchScreen.storyboard;
			sourceTree = "<group>";
		};
/* End PBXVariantGroup section */

/* Begin XCBuildConfiguration section */
		9C654F151E0DD3C90083E83E /* Debug */ = {
			isa = XCBuildConfiguration;
			buildSettings = {
				ALWAYS_SEARCH_USER_PATHS = NO;
				CLANG_ANALYZER_NONNULL = YES;
				CLANG_CXX_LANGUAGE_STANDARD = "gnu++0x";
				CLANG_CXX_LIBRARY = "libc++";
				CLANG_ENABLE_MODULES = YES;
				CLANG_ENABLE_OBJC_ARC = YES;
				CLANG_WARN_BOOL_CONVERSION = YES;
				CLANG_WARN_CONSTANT_CONVERSION = YES;
				CLANG_WARN_DIRECT_OBJC_ISA_USAGE = YES_ERROR;
				CLANG_WARN_DOCUMENTATION_COMMENTS = YES;
				CLANG_WARN_EMPTY_BODY = YES;
				CLANG_WARN_ENUM_CONVERSION = YES;
				CLANG_WARN_INFINITE_RECURSION = YES;
				CLANG_WARN_INT_CONVERSION = YES;
				CLANG_WARN_OBJC_ROOT_CLASS = YES_ERROR;
				CLANG_WARN_SUSPICIOUS_MOVE = YES;
				CLANG_WARN_UNREACHABLE_CODE = YES;
				CLANG_WARN__DUPLICATE_METHOD_MATCH = YES;
				"CODE_SIGN_IDENTITY[sdk=iphoneos*]" = "iPhone Developer";
				COPY_PHASE_STRIP = NO;
				DEBUG_INFORMATION_FORMAT = dwarf;
				ENABLE_STRICT_OBJC_MSGSEND = YES;
				ENABLE_TESTABILITY = YES;
				GCC_C_LANGUAGE_STANDARD = gnu99;
				GCC_DYNAMIC_NO_PIC = NO;
				GCC_NO_COMMON_BLOCKS = YES;
				GCC_OPTIMIZATION_LEVEL = 0;
				GCC_PREPROCESSOR_DEFINITIONS = (
					"DEBUG=1",
					"$(inherited)",
				);
				GCC_WARN_64_TO_32_BIT_CONVERSION = YES;
				GCC_WARN_ABOUT_RETURN_TYPE = YES_ERROR;
				GCC_WARN_UNDECLARED_SELECTOR = YES;
				GCC_WARN_UNINITIALIZED_AUTOS = YES_AGGRESSIVE;
				GCC_WARN_UNUSED_FUNCTION = YES;
				GCC_WARN_UNUSED_VARIABLE = YES;
				IPHONEOS_DEPLOYMENT_TARGET = 10.2;
				MTL_ENABLE_DEBUG_INFO = YES;
				ONLY_ACTIVE_ARCH = YES;
				SDKROOT = iphoneos;
				SWIFT_ACTIVE_COMPILATION_CONDITIONS = DEBUG;
				SWIFT_OPTIMIZATION_LEVEL = "-Onone";
			};
			name = Debug;
		};
		9C654F161E0DD3C90083E83E /* Release */ = {
			isa = XCBuildConfiguration;
			buildSettings = {
				ALWAYS_SEARCH_USER_PATHS = NO;
				CLANG_ANALYZER_NONNULL = YES;
				CLANG_CXX_LANGUAGE_STANDARD = "gnu++0x";
				CLANG_CXX_LIBRARY = "libc++";
				CLANG_ENABLE_MODULES = YES;
				CLANG_ENABLE_OBJC_ARC = YES;
				CLANG_WARN_BOOL_CONVERSION = YES;
				CLANG_WARN_CONSTANT_CONVERSION = YES;
				CLANG_WARN_DIRECT_OBJC_ISA_USAGE = YES_ERROR;
				CLANG_WARN_DOCUMENTATION_COMMENTS = YES;
				CLANG_WARN_EMPTY_BODY = YES;
				CLANG_WARN_ENUM_CONVERSION = YES;
				CLANG_WARN_INFINITE_RECURSION = YES;
				CLANG_WARN_INT_CONVERSION = YES;
				CLANG_WARN_OBJC_ROOT_CLASS = YES_ERROR;
				CLANG_WARN_SUSPICIOUS_MOVE = YES;
				CLANG_WARN_UNREACHABLE_CODE = YES;
				CLANG_WARN__DUPLICATE_METHOD_MATCH = YES;
				"CODE_SIGN_IDENTITY[sdk=iphoneos*]" = "iPhone Developer";
				COPY_PHASE_STRIP = NO;
				DEBUG_INFORMATION_FORMAT = "dwarf-with-dsym";
				ENABLE_NS_ASSERTIONS = NO;
				ENABLE_STRICT_OBJC_MSGSEND = YES;
				GCC_C_LANGUAGE_STANDARD = gnu99;
				GCC_NO_COMMON_BLOCKS = YES;
				GCC_WARN_64_TO_32_BIT_CONVERSION = YES;
				GCC_WARN_ABOUT_RETURN_TYPE = YES_ERROR;
				GCC_WARN_UNDECLARED_SELECTOR = YES;
				GCC_WARN_UNINITIALIZED_AUTOS = YES_AGGRESSIVE;
				GCC_WARN_UNUSED_FUNCTION = YES;
				GCC_WARN_UNUSED_VARIABLE = YES;
				IPHONEOS_DEPLOYMENT_TARGET = 10.2;
				MTL_ENABLE_DEBUG_INFO = NO;
				SDKROOT = iphoneos;
				SWIFT_OPTIMIZATION_LEVEL = "-Owholemodule";
				VALIDATE_PRODUCT = YES;
			};
			name = Release;
		};
		9C654F181E0DD3C90083E83E /* Debug */ = {
			isa = XCBuildConfiguration;
			buildSettings = {
				ASSETCATALOG_COMPILER_APPICON_NAME = AppIcon;
				DEVELOPMENT_TEAM = 3XPZ2XV3WU;
				INFOPLIST_FILE = Chords/Info.plist;
				LD_RUNPATH_SEARCH_PATHS = "$(inherited) @executable_path/Frameworks";
				PRODUCT_BUNDLE_IDENTIFIER = com.eugeniobarquin.Chords;
				PRODUCT_NAME = "$(TARGET_NAME)";
				SWIFT_VERSION = 3.0;
			};
			name = Debug;
		};
		9C654F191E0DD3C90083E83E /* Release */ = {
			isa = XCBuildConfiguration;
			buildSettings = {
				ASSETCATALOG_COMPILER_APPICON_NAME = AppIcon;
				DEVELOPMENT_TEAM = 3XPZ2XV3WU;
				INFOPLIST_FILE = Chords/Info.plist;
				LD_RUNPATH_SEARCH_PATHS = "$(inherited) @executable_path/Frameworks";
				PRODUCT_BUNDLE_IDENTIFIER = com.eugeniobarquin.Chords;
				PRODUCT_NAME = "$(TARGET_NAME)";
				SWIFT_VERSION = 3.0;
			};
			name = Release;
		};
/* End XCBuildConfiguration section */

/* Begin XCConfigurationList section */
		9C654F001E0DD3C90083E83E /* Build configuration list for PBXProject "Chords" */ = {
			isa = XCConfigurationList;
			buildConfigurations = (
				9C654F151E0DD3C90083E83E /* Debug */,
				9C654F161E0DD3C90083E83E /* Release */,
			);
			defaultConfigurationIsVisible = 0;
			defaultConfigurationName = Release;
		};
		9C654F171E0DD3C90083E83E /* Build configuration list for PBXNativeTarget "Chords" */ = {
			isa = XCConfigurationList;
			buildConfigurations = (
				9C654F181E0DD3C90083E83E /* Debug */,
				9C654F191E0DD3C90083E83E /* Release */,
			);
			defaultConfigurationIsVisible = 0;
			defaultConfigurationName = Release;
		};
/* End XCConfigurationList section */
	};
	rootObject = 9C654EFD1E0DD3C90083E83E /* Project object */;
}
